Microsoft Visual Studio Solution File, Format Version 12.00
# Visual Studio Version 17
VisualStudioVersion = 17.5.2.0
MinimumVisualStudioVersion = 10.0.40219.1
Project("{2150E333-8FDC-42A3-9474-1A3956D46DE8}") = "Snake project", "Snake project", "{83618C1C-8616-A458-4E90-0935EB65FFD7}"
EndProject
Project("{FAE04EC0-301F-11D3-BF4B-00C04F79EFBC}") = "SnakeProject", "Snake project\SnakeProject.csproj", "{BEEEAEBB-9429-27B0-B300-972E6441D43D}"
EndProject
Global
	GlobalSection(SolutionConfigurationPlatforms) = preSolution
		Debug|Any CPU = Debug|Any CPU
		Release|Any CPU = Release|Any CPU
	EndGlobalSection
	GlobalSection(ProjectConfigurationPlatforms) = postSolution
		{BEEEAEBB-9429-27B0-B300-972E6441D43D}.Debug|Any CPU.ActiveCfg = Debug|Any CPU
		{BEEEAEBB-9429-27B0-B300-972E6441D43D}.Debug|Any CPU.Build.0 = Debug|Any CPU
		{BEEEAEBB-9429-27B0-B300-972E6441D43D}.Release|Any CPU.ActiveCfg = Release|Any CPU
		{BEEEAEBB-9429-27B0-B300-972E6441D43D}.Release|Any CPU.Build.0 = Release|Any CPU
	EndGlobalSection
	GlobalSection(SolutionProperties) = preSolution
		HideSolutionNode = FALSE
	EndGlobalSection
	GlobalSection(NestedProjects) = preSolution
		{BEEEAEBB-9429-27B0-B300-972E6441D43D} = {83618C1C-8616-A458-4E90-0935EB65FFD7}
	EndGlobalSection
	GlobalSection(ExtensibilityGlobals) = postSolution
		SolutionGuid = {18C9DB1D-88F0-4F29-9EDB-385BCB04D532}
	EndGlobalSection
EndGlobal
